{
  "requires": true,
  "lockfileVersion": 1,
  "dependencies": {
    "@swup/body-class-plugin": {
      "version": "1.0.2",
      "resolved": "https://registry.npmjs.org/@swup/body-class-plugin/-/body-class-plugin-1.0.2.tgz",
      "integrity": "sha512-fzK/sY1QeDJje0mNgPuETRmdLOrdJZzoG96GTcTEjBATXAjDbcGvodCCRDE8eNYQMWayHD2Lks4avV9e5cvQ7A==",
      "requires": {
        "@swup/plugin": "^1.0.0"
      },
      "dependencies": {
        "@swup/plugin": {
          "version": "1.0.1",
          "resolved": "https://registry.npmjs.org/@swup/plugin/-/plugin-1.0.1.tgz",
          "integrity": "sha512-QrTGn1DLx+50CNsk6oGzUFnyNyLkDK6iLb032qKImmAXS+0Dd1cwa8cSGvJ+I27J4qR8y6oJNurgHIEc6ZCTrg=="
        }
      }
    },
    "@swup/plugin": {
      "version": "0.1.2",
      "resolved": "https://registry.npmjs.org/@swup/plugin/-/plugin-0.1.2.tgz",
      "integrity": "sha512-PpColpr1tepKYLQx0HN11PPr+yHo2/PjiXOkcRLmntNq2igUBwUqwerkXjDXn5IZysutg+HiQfUP8ZElGUneJA=="
    },
    "delegate": {
      "version": "3.1.3",
      "resolved": "https://registry.npmjs.org/delegate/-/delegate-3.1.3.tgz",
      "integrity": "sha1-moJRp3fXAl+qVXN7w7BxdCEnqf0="
    },
    "opencollective-postinstall": {
      "version": "2.0.2",
      "resolved": "https://registry.npmjs.org/opencollective-postinstall/-/opencollective-postinstall-2.0.2.tgz",
      "integrity": "sha512-pVOEP16TrAO2/fjej1IdOyupJY8KDUM1CvsaScRbw6oddvpQoOfGk4ywha0HKKVAD6RkW4x6Q+tNBwhf3Bgpuw=="
    },
    "progressbar.js": {
      "version": "1.1.0",
      "resolved": "https://registry.npmjs.org/progressbar.js/-/progressbar.js-1.1.0.tgz",
      "integrity": "sha512-K68/xcyXKo2I6T3PfIkXrRaycxROmWeU4bugb49iulWR25cU94PM0cfZ47S0jDhG5K3vPhZwCOy1fgb5Pgh6UQ==",
      "requires": {
        "shifty": "^2.1.2"
      }
    },
    "shifty": {
      "version": "2.9.0",
      "resolved": "https://registry.npmjs.org/shifty/-/shifty-2.9.0.tgz",
      "integrity": "sha512-CMPneof4IWabiu7KVCffYh4T+o2BeTC4OjQzbGGezYSDDcuGk4MWZY77KHV2LXWS78T0NgCDUrUfsRNZNvhevg=="
    },
    "swup": {
      "version": "2.0.9",
      "resolved": "https://registry.npmjs.org/swup/-/swup-2.0.9.tgz",
      "integrity": "sha512-hgrhKEKvWyxjXxKcumJozNWn6kvK8CyzujSk61mSb5FJDJAWjcw23gXgPhZMpJgdQNtjKKZZR42xCYPdP34xkA==",
      "requires": {
        "delegate": "3.1.3",
        "opencollective-postinstall": "^2.0.2"
      }
    }
  }
}
